
Microsoft Visual Studio Solution File, Format Version 12.00
# Visual Studio Version 18
VisualStudioVersion = 18.1.11304.174
MinimumVisualStudioVersion = 10.0.40219.1
Project("{9A19103F-16F7-4668-BE54-9A1E7A4F7556}") = "helengine.launcher", "helengine.launcher\helengine.launcher.csproj", "{EBFA8512-1EA5-4D8C-B4AC-AB5B48A6D568}"
EndProject
Project("{9A19103F-16F7-4668-BE54-9A1E7A4F7556}") = "helengine.launcher.Desktop", "helengine.launcher.Desktop\helengine.launcher.Desktop.csproj", "{ABC31E74-02FF-46EB-B3B2-4E6AE43B456C}"
EndProject
Project("{9A19103F-16F7-4668-BE54-9A1E7A4F7556}") = "helengine.launcher.Browser", "helengine.launcher.Browser\helengine.launcher.Browser.csproj", "{1C1A049E-235C-4CD0-B6FA-D53AC418F4DA}"
EndProject
Project("{9A19103F-16F7-4668-BE54-9A1E7A4F7556}") = "helengine.launcher.iOS", "helengine.launcher.iOS\helengine.launcher.iOS.csproj", "{EBD9022F-BC83-4846-9A11-6F7F3772DC64}"
EndProject
Project("{9A19103F-16F7-4668-BE54-9A1E7A4F7556}") = "helengine.launcher.Android", "helengine.launcher.Android\helengine.launcher.Android.csproj", "{7AD1DAC8-7FBE-49D5-8614-7321233DB82E}"
EndProject
Project("{2150E333-8FDC-42A3-9474-1A3956D46DE8}") = "Solution Items", "Solution Items", "{3DA99C4E-89E3-4049-9C22-0A7EC60D83D8}"
	ProjectSection(SolutionItems) = preProject
		Directory.Packages.props = Directory.Packages.props
	EndProjectSection
EndProject
Project("{2150E333-8FDC-42A3-9474-1A3956D46DE8}") = "launcher", "launcher", "{5DC288B9-64DA-44D7-B076-2695B4C19D13}"
EndProject
Project("{FAE04EC0-301F-11D3-BF4B-00C04F79EFBC}") = "helengine.core", "..\engine\helengine.core\helengine.core.csproj", "{2942A635-6301-4720-BAC7-2DB4E6B92247}"
EndProject
Project("{FAE04EC0-301F-11D3-BF4B-00C04F79EFBC}") = "helengine.input", "..\engine\helengine.input\helengine.input.csproj", "{A0EDA344-C756-45A1-AF87-6FE4B7A30C67}"
EndProject
Project("{FAE04EC0-301F-11D3-BF4B-00C04F79EFBC}") = "helengine.editor.assimp", "..\engine\helengine.editor.fbximporter\helengine.editor.assimp.csproj", "{0BD61AD0-ADF2-4CB7-B8C8-05C805CED6C0}"
EndProject
Project("{2150E333-8FDC-42A3-9474-1A3956D46DE8}") = "editor", "editor", "{0B0188C9-57AB-47CA-818B-ACFCA79A44F5}"
EndProject
Project("{FAE04EC0-301F-11D3-BF4B-00C04F79EFBC}") = "helengine.editor", "..\engine\helengine.editor\helengine.editor.csproj", "{DF08A1E1-3F05-4F30-A430-329FBE385968}"
EndProject
Project("{FAE04EC0-301F-11D3-BF4B-00C04F79EFBC}") = "helengine.core.windows", "..\engine\helengine.core.windows\helengine.core.windows.csproj", "{2866E47B-6C06-4368-9A00-BDF819442D2F}"
EndProject
Project("{FAE04EC0-301F-11D3-BF4B-00C04F79EFBC}") = "helengine.directx11", "..\engine\helengine.directx11\helengine.directx11.csproj", "{C91F6F03-A613-C839-7A02-FE7D7ED1DAD6}"
EndProject
Project("{FAE04EC0-301F-11D3-BF4B-00C04F79EFBC}") = "helengine.directx11.video", "..\engine\helengine.directx11.video\helengine.directx11.video.csproj", "{0420008A-A97B-49E6-A2E7-BB8D888F3457}"
EndProject
Project("{FAE04EC0-301F-11D3-BF4B-00C04F79EFBC}") = "helengine.vulkan", "..\engine\helengine.vulkan\helengine.vulkan.csproj", "{F029F93C-6B06-4105-90E7-A520D5815834}"
EndProject
Project("{FAE04EC0-301F-11D3-BF4B-00C04F79EFBC}") = "helengine.editor.app", "helengine.editor.app\helengine.editor.app.csproj", "{3C74754D-F82C-4A00-D665-AF82B29B7064}"
EndProject
Project("{FAE04EC0-301F-11D3-BF4B-00C04F79EFBC}") = "helengine.editor.windows", "..\engine\helengine.editor.windows\helengine.editor.windows.csproj", "{4B4C57C7-85D6-416B-A136-9338424700F2}"
EndProject
Project("{2150E333-8FDC-42A3-9474-1A3956D46DE8}") = "renderers", "renderers", "{A31E52AC-B0FF-4D5D-9356-B386062F090E}"
EndProject
Project("{2150E333-8FDC-42A3-9474-1A3956D46DE8}") = "plugins", "plugins", "{3EC1BACD-4312-47C6-BE0B-A09057273256}"
EndProject
Project("{FAE04EC0-301F-11D3-BF4B-00C04F79EFBC}") = "helengine.launcher.tests", "helengine.launcher.tests\helengine.launcher.tests.csproj", "{1D6F2232-B79B-4A1D-9402-896012D09A7F}"
EndProject
Project("{FAE04EC0-301F-11D3-BF4B-00C04F79EFBC}") = "helengine.projectfile", "..\engine\helengine.projectfile\helengine.projectfile.csproj", "{85DE1646-117B-4A4F-9C09-B1020365E692}"
EndProject
Project("{FAE04EC0-301F-11D3-BF4B-00C04F79EFBC}") = "helengine.projectfile.tests", "..\engine\helengine.projectfile.tests\helengine.projectfile.tests.csproj", "{52BCA084-F145-4AE7-BE12-0E266FE05A82}"
EndProject
Project("{FAE04EC0-301F-11D3-BF4B-00C04F79EFBC}") = "helengine.platforms", "..\engine\helengine.platforms\helengine.platforms.csproj", "{E0C7A132-5237-4A49-BAB3-DEBB53A960CB}"
EndProject
Project("{FAE04EC0-301F-11D3-BF4B-00C04F79EFBC}") = "helengine.baseplatform", "..\engine\helengine.baseplatform\helengine.baseplatform.csproj", "{42E83F47-F348-30A6-1C99-EFABF83FE802}"
EndProject
Project("{FAE04EC0-301F-11D3-BF4B-00C04F79EFBC}") = "helengine.files", "..\engine\helengine.files\helengine.files.csproj", "{D5212F1A-3B6C-4D76-9B6B-7D71E9A4B101}"
EndProject
Project("{FAE04EC0-301F-11D3-BF4B-00C04F79EFBC}") = "helengine.files.tests", "..\engine\helengine.files.tests\helengine.files.tests.csproj", "{B11F12C9-25D7-4DDA-8B63-53E1F53B1002}"
EndProject
Project("{FAE04EC0-301F-11D3-BF4B-00C04F79EFBC}") = "helengine.editor.windows.gdiimporter", "..\engine\helengine.editor.windows.gdiimporter\helengine.editor.windows.gdiimporter.csproj", "{CC2A2ACF-01CF-4131-BA07-99FBA7346B2A}"
EndProject
Project("{FAE04EC0-301F-11D3-BF4B-00C04F79EFBC}") = "helengine.editor.windows.pfimimporter", "..\engine\helengine.editor.windows.pfimimporter\helengine.editor.windows.pfimimporter.csproj", "{BA50ED25-6711-4057-B4D7-C1BD3E00CD15}"
EndProject
Project("{FAE04EC0-301F-11D3-BF4B-00C04F79EFBC}") = "helengine.editor.windows.magickimporter", "..\engine\helengine.editor.windows.magickimporter\helengine.editor.windows.magickimporter.csproj", "{C2F998F3-0577-41E6-9D93-41FD31A4826A}"
EndProject
Project("{FAE04EC0-301F-11D3-BF4B-00C04F79EFBC}") = "helengine.editor.windows.gdiimporter.tests", "..\engine\helengine.editor.windows.gdiimporter.tests\helengine.editor.windows.gdiimporter.tests.csproj", "{DD4C5D37-AC3E-413B-AA17-4A697348E5A1}"
EndProject
Project("{FAE04EC0-301F-11D3-BF4B-00C04F79EFBC}") = "helengine.editor.windows.pfimimporter.tests", "..\engine\helengine.editor.windows.pfimimporter.tests\helengine.editor.windows.pfimimporter.tests.csproj", "{167620F3-A2ED-4A0A-9ACE-36D4FB822BA5}"
EndProject
Project("{FAE04EC0-301F-11D3-BF4B-00C04F79EFBC}") = "helengine.editor.windows.magickimporter.tests", "..\engine\helengine.editor.windows.magickimporter.tests\helengine.editor.windows.magickimporter.tests.csproj", "{7FDF5BED-2E20-41A2-8E65-347E86606689}"
EndProject
Project("{FAE04EC0-301F-11D3-BF4B-00C04F79EFBC}") = "helengine.editor.windows.importerprobe", "..\engine\helengine.editor.windows.importerprobe\helengine.editor.windows.importerprobe.csproj", "{741DD81D-3A18-4635-827C-B4181AB9D141}"
EndProject
Project("{2150E333-8FDC-42A3-9474-1A3956D46DE8}") = "importers", "importers", "{858684C1-DEBC-4A0A-8B13-E38B2A4E1FA3}"
EndProject
Project("{2150E333-8FDC-42A3-9474-1A3956D46DE8}") = "builder", "builder", "{742CE7AA-AD16-402E-9E4E-D786B6889BFE}"
EndProject
Project("{FAE04EC0-301F-11D3-BF4B-00C04F79EFBC}") = "helengine.shader", "..\engine\helengine.shader\helengine.shader.csproj", "{0257F9DE-500E-4B0B-858F-D182B59D5178}"
EndProject
Project("{FAE04EC0-301F-11D3-BF4B-00C04F79EFBC}") = "helengine.bepu", "..\engine\helengine.bepu\helengine.bepu.csproj", "{01EBF76C-7C19-4CAE-9D01-4B668B81CAFB}"
EndProject
Project("{FAE04EC0-301F-11D3-BF4B-00C04F79EFBC}") = "helengine.bepu.tests", "..\engine\helengine.bepu.tests\helengine.bepu.tests.csproj", "{3214D444-9039-4652-8833-4EF509A4BC2E}"
EndProject
Project("{FAE04EC0-301F-11D3-BF4B-00C04F79EFBC}") = "helengine.physics", "..\engine\helengine.physics\helengine.physics.csproj", "{7E2E419D-1318-4815-A775-165DF40F29FD}"
EndProject
Global
	GlobalSection(SolutionConfigurationPlatforms) = preSolution
		Debug|Any CPU = Debug|Any CPU
		Debug|x64 = Debug|x64
		Debug|x86 = Debug|x86
		Release|Any CPU = Release|Any CPU
		Release|x64 = Release|x64
		Release|x86 = Release|x86
	EndGlobalSection
	GlobalSection(ProjectConfigurationPlatforms) = postSolution
		{EBFA8512-1EA5-4D8C-B4AC-AB5B48A6D568}.Debug|Any CPU.ActiveCfg = Debug|Any CPU
		{EBFA8512-1EA5-4D8C-B4AC-AB5B48A6D568}.Debug|Any CPU.Build.0 = Debug|Any CPU
		{EBFA8512-1EA5-4D8C-B4AC-AB5B48A6D568}.Debug|x64.ActiveCfg = Debug|Any CPU
		{EBFA8512-1EA5-4D8C-B4AC-AB5B48A6D568}.Debug|x64.Build.0 = Debug|Any CPU
		{EBFA8512-1EA5-4D8C-B4AC-AB5B48A6D568}.Debug|x86.ActiveCfg = Debug|Any CPU
		{EBFA8512-1EA5-4D8C-B4AC-AB5B48A6D568}.Debug|x86.Build.0 = Debug|Any CPU
		{EBFA8512-1EA5-4D8C-B4AC-AB5B48A6D568}.Release|Any CPU.ActiveCfg = Release|Any CPU
		{EBFA8512-1EA5-4D8C-B4AC-AB5B48A6D568}.Release|Any CPU.Build.0 = Release|Any CPU
		{EBFA8512-1EA5-4D8C-B4AC-AB5B48A6D568}.Release|x64.ActiveCfg = Release|Any CPU
		{EBFA8512-1EA5-4D8C-B4AC-AB5B48A6D568}.Release|x64.Build.0 = Release|Any CPU
		{EBFA8512-1EA5-4D8C-B4AC-AB5B48A6D568}.Release|x86.ActiveCfg = Release|Any CPU
		{EBFA8512-1EA5-4D8C-B4AC-AB5B48A6D568}.Release|x86.Build.0 = Release|Any CPU
		{ABC31E74-02FF-46EB-B3B2-4E6AE43B456C}.Debug|Any CPU.ActiveCfg = Debug|Any CPU
		{ABC31E74-02FF-46EB-B3B2-4E6AE43B456C}.Debug|Any CPU.Build.0 = Debug|Any CPU
		{ABC31E74-02FF-46EB-B3B2-4E6AE43B456C}.Debug|x64.ActiveCfg = Debug|Any CPU
		{ABC31E74-02FF-46EB-B3B2-4E6AE43B456C}.Debug|x64.Build.0 = Debug|Any CPU
		{ABC31E74-02FF-46EB-B3B2-4E6AE43B456C}.Debug|x86.ActiveCfg = Debug|Any CPU
		{ABC31E74-02FF-46EB-B3B2-4E6AE43B456C}.Debug|x86.Build.0 = Debug|Any CPU
		{ABC31E74-02FF-46EB-B3B2-4E6AE43B456C}.Release|Any CPU.ActiveCfg = Release|Any CPU
		{ABC31E74-02FF-46EB-B3B2-4E6AE43B456C}.Release|Any CPU.Build.0 = Release|Any CPU
		{ABC31E74-02FF-46EB-B3B2-4E6AE43B456C}.Release|x64.ActiveCfg = Release|Any CPU
		{ABC31E74-02FF-46EB-B3B2-4E6AE43B456C}.Release|x64.Build.0 = Release|Any CPU
		{ABC31E74-02FF-46EB-B3B2-4E6AE43B456C}.Release|x86.ActiveCfg = Release|Any CPU
		{ABC31E74-02FF-46EB-B3B2-4E6AE43B456C}.Release|x86.Build.0 = Release|Any CPU
		{1C1A049E-235C-4CD0-B6FA-D53AC418F4DA}.Debug|Any CPU.ActiveCfg = Debug|Any CPU
		{1C1A049E-235C-4CD0-B6FA-D53AC418F4DA}.Debug|Any CPU.Build.0 = Debug|Any CPU
		{1C1A049E-235C-4CD0-B6FA-D53AC418F4DA}.Debug|x64.ActiveCfg = Debug|Any CPU
		{1C1A049E-235C-4CD0-B6FA-D53AC418F4DA}.Debug|x64.Build.0 = Debug|Any CPU
		{1C1A049E-235C-4CD0-B6FA-D53AC418F4DA}.Debug|x86.ActiveCfg = Debug|Any CPU
		{1C1A049E-235C-4CD0-B6FA-D53AC418F4DA}.Debug|x86.Build.0 = Debug|Any CPU
		{1C1A049E-235C-4CD0-B6FA-D53AC418F4DA}.Release|Any CPU.ActiveCfg = Release|Any CPU
		{1C1A049E-235C-4CD0-B6FA-D53AC418F4DA}.Release|Any CPU.Build.0 = Release|Any CPU
		{1C1A049E-235C-4CD0-B6FA-D53AC418F4DA}.Release|x64.ActiveCfg = Release|Any CPU
		{1C1A049E-235C-4CD0-B6FA-D53AC418F4DA}.Release|x64.Build.0 = Release|Any CPU
		{1C1A049E-235C-4CD0-B6FA-D53AC418F4DA}.Release|x86.ActiveCfg = Release|Any CPU
		{1C1A049E-235C-4CD0-B6FA-D53AC418F4DA}.Release|x86.Build.0 = Release|Any CPU
		{EBD9022F-BC83-4846-9A11-6F7F3772DC64}.Debug|Any CPU.ActiveCfg = Debug|Any CPU
		{EBD9022F-BC83-4846-9A11-6F7F3772DC64}.Debug|Any CPU.Build.0 = Debug|Any CPU
		{EBD9022F-BC83-4846-9A11-6F7F3772DC64}.Debug|x64.ActiveCfg = Debug|Any CPU
		{EBD9022F-BC83-4846-9A11-6F7F3772DC64}.Debug|x64.Build.0 = Debug|Any CPU
		{EBD9022F-BC83-4846-9A11-6F7F3772DC64}.Debug|x86.ActiveCfg = Debug|Any CPU
		{EBD9022F-BC83-4846-9A11-6F7F3772DC64}.Debug|x86.Build.0 = Debug|Any CPU
		{EBD9022F-BC83-4846-9A11-6F7F3772DC64}.Release|Any CPU.ActiveCfg = Release|Any CPU
		{EBD9022F-BC83-4846-9A11-6F7F3772DC64}.Release|Any CPU.Build.0 = Release|Any CPU
		{EBD9022F-BC83-4846-9A11-6F7F3772DC64}.Release|x64.ActiveCfg = Release|Any CPU
		{EBD9022F-BC83-4846-9A11-6F7F3772DC64}.Release|x64.Build.0 = Release|Any CPU
		{EBD9022F-BC83-4846-9A11-6F7F3772DC64}.Release|x86.ActiveCfg = Release|Any CPU
		{EBD9022F-BC83-4846-9A11-6F7F3772DC64}.Release|x86.Build.0 = Release|Any CPU
		{7AD1DAC8-7FBE-49D5-8614-7321233DB82E}.Debug|Any CPU.ActiveCfg = Debug|Any CPU
		{7AD1DAC8-7FBE-49D5-8614-7321233DB82E}.Debug|Any CPU.Build.0 = Debug|Any CPU
		{7AD1DAC8-7FBE-49D5-8614-7321233DB82E}.Debug|x64.ActiveCfg = Debug|Any CPU
		{7AD1DAC8-7FBE-49D5-8614-7321233DB82E}.Debug|x64.Build.0 = Debug|Any CPU
		{7AD1DAC8-7FBE-49D5-8614-7321233DB82E}.Debug|x86.ActiveCfg = Debug|Any CPU
		{7AD1DAC8-7FBE-49D5-8614-7321233DB82E}.Debug|x86.Build.0 = Debug|Any CPU
		{7AD1DAC8-7FBE-49D5-8614-7321233DB82E}.Release|Any CPU.ActiveCfg = Release|Any CPU
		{7AD1DAC8-7FBE-49D5-8614-7321233DB82E}.Release|Any CPU.Build.0 = Release|Any CPU
		{7AD1DAC8-7FBE-49D5-8614-7321233DB82E}.Release|x64.ActiveCfg = Release|Any CPU
		{7AD1DAC8-7FBE-49D5-8614-7321233DB82E}.Release|x64.Build.0 = Release|Any CPU
		{7AD1DAC8-7FBE-49D5-8614-7321233DB82E}.Release|x86.ActiveCfg = Release|Any CPU
		{7AD1DAC8-7FBE-49D5-8614-7321233DB82E}.Release|x86.Build.0 = Release|Any CPU
		{2942A635-6301-4720-BAC7-2DB4E6B92247}.Debug|Any CPU.ActiveCfg = Debug|Any CPU
		{2942A635-6301-4720-BAC7-2DB4E6B92247}.Debug|Any CPU.Build.0 = Debug|Any CPU
		{2942A635-6301-4720-BAC7-2DB4E6B92247}.Debug|x64.ActiveCfg = Debug|Any CPU
		{2942A635-6301-4720-BAC7-2DB4E6B92247}.Debug|x64.Build.0 = Debug|Any CPU
		{2942A635-6301-4720-BAC7-2DB4E6B92247}.Debug|x86.ActiveCfg = Debug|Any CPU
		{2942A635-6301-4720-BAC7-2DB4E6B92247}.Debug|x86.Build.0 = Debug|Any CPU
		{2942A635-6301-4720-BAC7-2DB4E6B92247}.Release|Any CPU.ActiveCfg = Release|Any CPU
		{2942A635-6301-4720-BAC7-2DB4E6B92247}.Release|Any CPU.Build.0 = Release|Any CPU
		{2942A635-6301-4720-BAC7-2DB4E6B92247}.Release|x64.ActiveCfg = Release|Any CPU
		{2942A635-6301-4720-BAC7-2DB4E6B92247}.Release|x64.Build.0 = Release|Any CPU
		{2942A635-6301-4720-BAC7-2DB4E6B92247}.Release|x86.ActiveCfg = Release|Any CPU
		{2942A635-6301-4720-BAC7-2DB4E6B92247}.Release|x86.Build.0 = Release|Any CPU
		{A0EDA344-C756-45A1-AF87-6FE4B7A30C67}.Debug|Any CPU.ActiveCfg = Debug|Any CPU
		{A0EDA344-C756-45A1-AF87-6FE4B7A30C67}.Debug|Any CPU.Build.0 = Debug|Any CPU
		{A0EDA344-C756-45A1-AF87-6FE4B7A30C67}.Debug|x64.ActiveCfg = Debug|Any CPU
		{A0EDA344-C756-45A1-AF87-6FE4B7A30C67}.Debug|x64.Build.0 = Debug|Any CPU
		{A0EDA344-C756-45A1-AF87-6FE4B7A30C67}.Debug|x86.ActiveCfg = Debug|Any CPU
		{A0EDA344-C756-45A1-AF87-6FE4B7A30C67}.Debug|x86.Build.0 = Debug|Any CPU
		{A0EDA344-C756-45A1-AF87-6FE4B7A30C67}.Release|Any CPU.ActiveCfg = Release|Any CPU
		{A0EDA344-C756-45A1-AF87-6FE4B7A30C67}.Release|Any CPU.Build.0 = Release|Any CPU
		{A0EDA344-C756-45A1-AF87-6FE4B7A30C67}.Release|x64.ActiveCfg = Release|Any CPU
		{A0EDA344-C756-45A1-AF87-6FE4B7A30C67}.Release|x64.Build.0 = Release|Any CPU
		{A0EDA344-C756-45A1-AF87-6FE4B7A30C67}.Release|x86.ActiveCfg = Release|Any CPU
		{A0EDA344-C756-45A1-AF87-6FE4B7A30C67}.Release|x86.Build.0 = Release|Any CPU
		{0BD61AD0-ADF2-4CB7-B8C8-05C805CED6C0}.Debug|Any CPU.ActiveCfg = Debug|Any CPU
		{0BD61AD0-ADF2-4CB7-B8C8-05C805CED6C0}.Debug|Any CPU.Build.0 = Debug|Any CPU
		{0BD61AD0-ADF2-4CB7-B8C8-05C805CED6C0}.Debug|x64.ActiveCfg = Debug|Any CPU
		{0BD61AD0-ADF2-4CB7-B8C8-05C805CED6C0}.Debug|x64.Build.0 = Debug|Any CPU
		{0BD61AD0-ADF2-4CB7-B8C8-05C805CED6C0}.Debug|x86.ActiveCfg = Debug|Any CPU
		{0BD61AD0-ADF2-4CB7-B8C8-05C805CED6C0}.Debug|x86.Build.0 = Debug|Any CPU
		{0BD61AD0-ADF2-4CB7-B8C8-05C805CED6C0}.Release|Any CPU.ActiveCfg = Release|Any CPU
		{0BD61AD0-ADF2-4CB7-B8C8-05C805CED6C0}.Release|Any CPU.Build.0 = Release|Any CPU
		{0BD61AD0-ADF2-4CB7-B8C8-05C805CED6C0}.Release|x64.ActiveCfg = Release|Any CPU
		{0BD61AD0-ADF2-4CB7-B8C8-05C805CED6C0}.Release|x64.Build.0 = Release|Any CPU
		{0BD61AD0-ADF2-4CB7-B8C8-05C805CED6C0}.Release|x86.ActiveCfg = Release|Any CPU
		{0BD61AD0-ADF2-4CB7-B8C8-05C805CED6C0}.Release|x86.Build.0 = Release|Any CPU
		{DF08A1E1-3F05-4F30-A430-329FBE385968}.Debug|Any CPU.ActiveCfg = Debug|Any CPU
		{DF08A1E1-3F05-4F30-A430-329FBE385968}.Debug|Any CPU.Build.0 = Debug|Any CPU
		{DF08A1E1-3F05-4F30-A430-329FBE385968}.Debug|x64.ActiveCfg = Debug|Any CPU
		{DF08A1E1-3F05-4F30-A430-329FBE385968}.Debug|x64.Build.0 = Debug|Any CPU
		{DF08A1E1-3F05-4F30-A430-329FBE385968}.Debug|x86.ActiveCfg = Debug|Any CPU
		{DF08A1E1-3F05-4F30-A430-329FBE385968}.Debug|x86.Build.0 = Debug|Any CPU
		{DF08A1E1-3F05-4F30-A430-329FBE385968}.Release|Any CPU.ActiveCfg = Release|Any CPU
		{DF08A1E1-3F05-4F30-A430-329FBE385968}.Release|Any CPU.Build.0 = Release|Any CPU
		{DF08A1E1-3F05-4F30-A430-329FBE385968}.Release|x64.ActiveCfg = Release|Any CPU
		{DF08A1E1-3F05-4F30-A430-329FBE385968}.Release|x64.Build.0 = Release|Any CPU
		{DF08A1E1-3F05-4F30-A430-329FBE385968}.Release|x86.ActiveCfg = Release|Any CPU
		{DF08A1E1-3F05-4F30-A430-329FBE385968}.Release|x86.Build.0 = Release|Any CPU
		{2866E47B-6C06-4368-9A00-BDF819442D2F}.Debug|Any CPU.ActiveCfg = Debug|Any CPU
		{2866E47B-6C06-4368-9A00-BDF819442D2F}.Debug|Any CPU.Build.0 = Debug|Any CPU
		{2866E47B-6C06-4368-9A00-BDF819442D2F}.Debug|x64.ActiveCfg = Debug|Any CPU
		{2866E47B-6C06-4368-9A00-BDF819442D2F}.Debug|x64.Build.0 = Debug|Any CPU
		{2866E47B-6C06-4368-9A00-BDF819442D2F}.Debug|x86.ActiveCfg = Debug|Any CPU
		{2866E47B-6C06-4368-9A00-BDF819442D2F}.Debug|x86.Build.0 = Debug|Any CPU
		{2866E47B-6C06-4368-9A00-BDF819442D2F}.Release|Any CPU.ActiveCfg = Release|Any CPU
		{2866E47B-6C06-4368-9A00-BDF819442D2F}.Release|Any CPU.Build.0 = Release|Any CPU
		{2866E47B-6C06-4368-9A00-BDF819442D2F}.Release|x64.ActiveCfg = Release|Any CPU
		{2866E47B-6C06-4368-9A00-BDF819442D2F}.Release|x64.Build.0 = Release|Any CPU
		{2866E47B-6C06-4368-9A00-BDF819442D2F}.Release|x86.ActiveCfg = Release|Any CPU
		{2866E47B-6C06-4368-9A00-BDF819442D2F}.Release|x86.Build.0 = Release|Any CPU
		{C91F6F03-A613-C839-7A02-FE7D7ED1DAD6}.Debug|Any CPU.ActiveCfg = Debug|Any CPU
		{C91F6F03-A613-C839-7A02-FE7D7ED1DAD6}.Debug|Any CPU.Build.0 = Debug|Any CPU
		{C91F6F03-A613-C839-7A02-FE7D7ED1DAD6}.Debug|x64.ActiveCfg = Debug|Any CPU
		{C91F6F03-A613-C839-7A02-FE7D7ED1DAD6}.Debug|x64.Build.0 = Debug|Any CPU
		{C91F6F03-A613-C839-7A02-FE7D7ED1DAD6}.Debug|x86.ActiveCfg = Debug|Any CPU
		{C91F6F03-A613-C839-7A02-FE7D7ED1DAD6}.Debug|x86.Build.0 = Debug|Any CPU
		{C91F6F03-A613-C839-7A02-FE7D7ED1DAD6}.Release|Any CPU.ActiveCfg = Release|Any CPU
		{C91F6F03-A613-C839-7A02-FE7D7ED1DAD6}.Release|Any CPU.Build.0 = Release|Any CPU
		{C91F6F03-A613-C839-7A02-FE7D7ED1DAD6}.Release|x64.ActiveCfg = Release|Any CPU
		{C91F6F03-A613-C839-7A02-FE7D7ED1DAD6}.Release|x64.Build.0 = Release|Any CPU
		{C91F6F03-A613-C839-7A02-FE7D7ED1DAD6}.Release|x86.ActiveCfg = Release|Any CPU
		{C91F6F03-A613-C839-7A02-FE7D7ED1DAD6}.Release|x86.Build.0 = Release|Any CPU
		{0420008A-A97B-49E6-A2E7-BB8D888F3457}.Debug|Any CPU.ActiveCfg = Debug|Any CPU
		{0420008A-A97B-49E6-A2E7-BB8D888F3457}.Debug|Any CPU.Build.0 = Debug|Any CPU
		{0420008A-A97B-49E6-A2E7-BB8D888F3457}.Debug|x64.ActiveCfg = Debug|Any CPU
		{0420008A-A97B-49E6-A2E7-BB8D888F3457}.Debug|x64.Build.0 = Debug|Any CPU
		{0420008A-A97B-49E6-A2E7-BB8D888F3457}.Debug|x86.ActiveCfg = Debug|Any CPU
		{0420008A-A97B-49E6-A2E7-BB8D888F3457}.Debug|x86.Build.0 = Debug|Any CPU
		{0420008A-A97B-49E6-A2E7-BB8D888F3457}.Release|Any CPU.ActiveCfg = Release|Any CPU
		{0420008A-A97B-49E6-A2E7-BB8D888F3457}.Release|Any CPU.Build.0 = Release|Any CPU
		{0420008A-A97B-49E6-A2E7-BB8D888F3457}.Release|x64.ActiveCfg = Release|Any CPU
		{0420008A-A97B-49E6-A2E7-BB8D888F3457}.Release|x64.Build.0 = Release|Any CPU
		{0420008A-A97B-49E6-A2E7-BB8D888F3457}.Release|x86.ActiveCfg = Release|Any CPU
		{0420008A-A97B-49E6-A2E7-BB8D888F3457}.Release|x86.Build.0 = Release|Any CPU
		{F029F93C-6B06-4105-90E7-A520D5815834}.Debug|Any CPU.ActiveCfg = Debug|Any CPU
		{F029F93C-6B06-4105-90E7-A520D5815834}.Debug|Any CPU.Build.0 = Debug|Any CPU
		{F029F93C-6B06-4105-90E7-A520D5815834}.Debug|x64.ActiveCfg = Debug|Any CPU
		{F029F93C-6B06-4105-90E7-A520D5815834}.Debug|x64.Build.0 = Debug|Any CPU
		{F029F93C-6B06-4105-90E7-A520D5815834}.Debug|x86.ActiveCfg = Debug|Any CPU
		{F029F93C-6B06-4105-90E7-A520D5815834}.Debug|x86.Build.0 = Debug|Any CPU
		{F029F93C-6B06-4105-90E7-A520D5815834}.Release|Any CPU.ActiveCfg = Release|Any CPU
		{F029F93C-6B06-4105-90E7-A520D5815834}.Release|Any CPU.Build.0 = Release|Any CPU
		{F029F93C-6B06-4105-90E7-A520D5815834}.Release|x64.ActiveCfg = Release|Any CPU
		{F029F93C-6B06-4105-90E7-A520D5815834}.Release|x64.Build.0 = Release|Any CPU
		{F029F93C-6B06-4105-90E7-A520D5815834}.Release|x86.ActiveCfg = Release|Any CPU
		{F029F93C-6B06-4105-90E7-A520D5815834}.Release|x86.Build.0 = Release|Any CPU
		{3C74754D-F82C-4A00-D665-AF82B29B7064}.Debug|Any CPU.ActiveCfg = Debug|Any CPU
		{3C74754D-F82C-4A00-D665-AF82B29B7064}.Debug|Any CPU.Build.0 = Debug|Any CPU
		{3C74754D-F82C-4A00-D665-AF82B29B7064}.Debug|x64.ActiveCfg = Debug|Any CPU
		{3C74754D-F82C-4A00-D665-AF82B29B7064}.Debug|x64.Build.0 = Debug|Any CPU
		{3C74754D-F82C-4A00-D665-AF82B29B7064}.Debug|x86.ActiveCfg = Debug|Any CPU
		{3C74754D-F82C-4A00-D665-AF82B29B7064}.Debug|x86.Build.0 = Debug|Any CPU
		{3C74754D-F82C-4A00-D665-AF82B29B7064}.Release|Any CPU.ActiveCfg = Release|Any CPU
		{3C74754D-F82C-4A00-D665-AF82B29B7064}.Release|Any CPU.Build.0 = Release|Any CPU
		{3C74754D-F82C-4A00-D665-AF82B29B7064}.Release|x64.ActiveCfg = Release|Any CPU
		{3C74754D-F82C-4A00-D665-AF82B29B7064}.Release|x64.Build.0 = Release|Any CPU
		{3C74754D-F82C-4A00-D665-AF82B29B7064}.Release|x86.ActiveCfg = Release|Any CPU
		{3C74754D-F82C-4A00-D665-AF82B29B7064}.Release|x86.Build.0 = Release|Any CPU
		{4B4C57C7-85D6-416B-A136-9338424700F2}.Debug|Any CPU.ActiveCfg = Debug|Any CPU
		{4B4C57C7-85D6-416B-A136-9338424700F2}.Debug|Any CPU.Build.0 = Debug|Any CPU
		{4B4C57C7-85D6-416B-A136-9338424700F2}.Debug|x64.ActiveCfg = Debug|Any CPU
		{4B4C57C7-85D6-416B-A136-9338424700F2}.Debug|x64.Build.0 = Debug|Any CPU
		{4B4C57C7-85D6-416B-A136-9338424700F2}.Debug|x86.ActiveCfg = Debug|Any CPU
		{4B4C57C7-85D6-416B-A136-9338424700F2}.Debug|x86.Build.0 = Debug|Any CPU
		{4B4C57C7-85D6-416B-A136-9338424700F2}.Release|Any CPU.ActiveCfg = Release|Any CPU
		{4B4C57C7-85D6-416B-A136-9338424700F2}.Release|Any CPU.Build.0 = Release|Any CPU
		{4B4C57C7-85D6-416B-A136-9338424700F2}.Release|x64.ActiveCfg = Release|Any CPU
		{4B4C57C7-85D6-416B-A136-9338424700F2}.Release|x64.Build.0 = Release|Any CPU
		{4B4C57C7-85D6-416B-A136-9338424700F2}.Release|x86.ActiveCfg = Release|Any CPU
		{4B4C57C7-85D6-416B-A136-9338424700F2}.Release|x86.Build.0 = Release|Any CPU
		{1D6F2232-B79B-4A1D-9402-896012D09A7F}.Debug|Any CPU.ActiveCfg = Debug|Any CPU
		{1D6F2232-B79B-4A1D-9402-896012D09A7F}.Debug|Any CPU.Build.0 = Debug|Any CPU
		{1D6F2232-B79B-4A1D-9402-896012D09A7F}.Debug|x64.ActiveCfg = Debug|Any CPU
		{1D6F2232-B79B-4A1D-9402-896012D09A7F}.Debug|x64.Build.0 = Debug|Any CPU
		{1D6F2232-B79B-4A1D-9402-896012D09A7F}.Debug|x86.ActiveCfg = Debug|Any CPU
		{1D6F2232-B79B-4A1D-9402-896012D09A7F}.Debug|x86.Build.0 = Debug|Any CPU
		{1D6F2232-B79B-4A1D-9402-896012D09A7F}.Release|Any CPU.ActiveCfg = Release|Any CPU
		{1D6F2232-B79B-4A1D-9402-896012D09A7F}.Release|Any CPU.Build.0 = Release|Any CPU
		{1D6F2232-B79B-4A1D-9402-896012D09A7F}.Release|x64.ActiveCfg = Release|Any CPU
		{1D6F2232-B79B-4A1D-9402-896012D09A7F}.Release|x64.Build.0 = Release|Any CPU
		{1D6F2232-B79B-4A1D-9402-896012D09A7F}.Release|x86.ActiveCfg = Release|Any CPU
		{1D6F2232-B79B-4A1D-9402-896012D09A7F}.Release|x86.Build.0 = Release|Any CPU
		{85DE1646-117B-4A4F-9C09-B1020365E692}.Debug|Any CPU.ActiveCfg = Debug|Any CPU
		{85DE1646-117B-4A4F-9C09-B1020365E692}.Debug|Any CPU.Build.0 = Debug|Any CPU
		{85DE1646-117B-4A4F-9C09-B1020365E692}.Debug|x64.ActiveCfg = Debug|Any CPU
		{85DE1646-117B-4A4F-9C09-B1020365E692}.Debug|x64.Build.0 = Debug|Any CPU
		{85DE1646-117B-4A4F-9C09-B1020365E692}.Debug|x86.ActiveCfg = Debug|Any CPU
		{85DE1646-117B-4A4F-9C09-B1020365E692}.Debug|x86.Build.0 = Debug|Any CPU
		{85DE1646-117B-4A4F-9C09-B1020365E692}.Release|Any CPU.ActiveCfg = Release|Any CPU
		{85DE1646-117B-4A4F-9C09-B1020365E692}.Release|Any CPU.Build.0 = Release|Any CPU
		{85DE1646-117B-4A4F-9C09-B1020365E692}.Release|x64.ActiveCfg = Release|Any CPU
		{85DE1646-117B-4A4F-9C09-B1020365E692}.Release|x64.Build.0 = Release|Any CPU
		{85DE1646-117B-4A4F-9C09-B1020365E692}.Release|x86.ActiveCfg = Release|Any CPU
		{85DE1646-117B-4A4F-9C09-B1020365E692}.Release|x86.Build.0 = Release|Any CPU
		{52BCA084-F145-4AE7-BE12-0E266FE05A82}.Debug|Any CPU.ActiveCfg = Debug|Any CPU
		{52BCA084-F145-4AE7-BE12-0E266FE05A82}.Debug|Any CPU.Build.0 = Debug|Any CPU
		{52BCA084-F145-4AE7-BE12-0E266FE05A82}.Debug|x64.ActiveCfg = Debug|Any CPU
		{52BCA084-F145-4AE7-BE12-0E266FE05A82}.Debug|x64.Build.0 = Debug|Any CPU
		{52BCA084-F145-4AE7-BE12-0E266FE05A82}.Debug|x86.ActiveCfg = Debug|Any CPU
		{52BCA084-F145-4AE7-BE12-0E266FE05A82}.Debug|x86.Build.0 = Debug|Any CPU
		{52BCA084-F145-4AE7-BE12-0E266FE05A82}.Release|Any CPU.ActiveCfg = Release|Any CPU
		{52BCA084-F145-4AE7-BE12-0E266FE05A82}.Release|Any CPU.Build.0 = Release|Any CPU
		{52BCA084-F145-4AE7-BE12-0E266FE05A82}.Release|x64.ActiveCfg = Release|Any CPU
		{52BCA084-F145-4AE7-BE12-0E266FE05A82}.Release|x64.Build.0 = Release|Any CPU
		{52BCA084-F145-4AE7-BE12-0E266FE05A82}.Release|x86.ActiveCfg = Release|Any CPU
		{52BCA084-F145-4AE7-BE12-0E266FE05A82}.Release|x86.Build.0 = Release|Any CPU
		{E0C7A132-5237-4A49-BAB3-DEBB53A960CB}.Debug|Any CPU.ActiveCfg = Debug|Any CPU
		{E0C7A132-5237-4A49-BAB3-DEBB53A960CB}.Debug|Any CPU.Build.0 = Debug|Any CPU
		{E0C7A132-5237-4A49-BAB3-DEBB53A960CB}.Debug|x64.ActiveCfg = Debug|Any CPU
		{E0C7A132-5237-4A49-BAB3-DEBB53A960CB}.Debug|x64.Build.0 = Debug|Any CPU
		{E0C7A132-5237-4A49-BAB3-DEBB53A960CB}.Debug|x86.ActiveCfg = Debug|Any CPU
		{E0C7A132-5237-4A49-BAB3-DEBB53A960CB}.Debug|x86.Build.0 = Debug|Any CPU
		{E0C7A132-5237-4A49-BAB3-DEBB53A960CB}.Release|Any CPU.ActiveCfg = Release|Any CPU
		{E0C7A132-5237-4A49-BAB3-DEBB53A960CB}.Release|Any CPU.Build.0 = Release|Any CPU
		{E0C7A132-5237-4A49-BAB3-DEBB53A960CB}.Release|x64.ActiveCfg = Release|Any CPU
		{E0C7A132-5237-4A49-BAB3-DEBB53A960CB}.Release|x64.Build.0 = Release|Any CPU
		{E0C7A132-5237-4A49-BAB3-DEBB53A960CB}.Release|x86.ActiveCfg = Release|Any CPU
		{E0C7A132-5237-4A49-BAB3-DEBB53A960CB}.Release|x86.Build.0 = Release|Any CPU
		{42E83F47-F348-30A6-1C99-EFABF83FE802}.Debug|Any CPU.ActiveCfg = Debug|Any CPU
		{42E83F47-F348-30A6-1C99-EFABF83FE802}.Debug|Any CPU.Build.0 = Debug|Any CPU
		{42E83F47-F348-30A6-1C99-EFABF83FE802}.Debug|x64.ActiveCfg = Debug|Any CPU
		{42E83F47-F348-30A6-1C99-EFABF83FE802}.Debug|x64.Build.0 = Debug|Any CPU
		{42E83F47-F348-30A6-1C99-EFABF83FE802}.Debug|x86.ActiveCfg = Debug|Any CPU
		{42E83F47-F348-30A6-1C99-EFABF83FE802}.Debug|x86.Build.0 = Debug|Any CPU
		{42E83F47-F348-30A6-1C99-EFABF83FE802}.Release|Any CPU.ActiveCfg = Release|Any CPU
		{42E83F47-F348-30A6-1C99-EFABF83FE802}.Release|Any CPU.Build.0 = Release|Any CPU
		{42E83F47-F348-30A6-1C99-EFABF83FE802}.Release|x64.ActiveCfg = Release|Any CPU
		{42E83F47-F348-30A6-1C99-EFABF83FE802}.Release|x64.Build.0 = Release|Any CPU
		{42E83F47-F348-30A6-1C99-EFABF83FE802}.Release|x86.ActiveCfg = Release|Any CPU
		{42E83F47-F348-30A6-1C99-EFABF83FE802}.Release|x86.Build.0 = Release|Any CPU
		{D5212F1A-3B6C-4D76-9B6B-7D71E9A4B101}.Debug|Any CPU.ActiveCfg = Debug|Any CPU
		{D5212F1A-3B6C-4D76-9B6B-7D71E9A4B101}.Debug|Any CPU.Build.0 = Debug|Any CPU
		{D5212F1A-3B6C-4D76-9B6B-7D71E9A4B101}.Debug|x64.ActiveCfg = Debug|Any CPU
		{D5212F1A-3B6C-4D76-9B6B-7D71E9A4B101}.Debug|x64.Build.0 = Debug|Any CPU
		{D5212F1A-3B6C-4D76-9B6B-7D71E9A4B101}.Debug|x86.ActiveCfg = Debug|Any CPU
		{D5212F1A-3B6C-4D76-9B6B-7D71E9A4B101}.Debug|x86.Build.0 = Debug|Any CPU
		{D5212F1A-3B6C-4D76-9B6B-7D71E9A4B101}.Release|Any CPU.ActiveCfg = Release|Any CPU
		{D5212F1A-3B6C-4D76-9B6B-7D71E9A4B101}.Release|Any CPU.Build.0 = Release|Any CPU
		{D5212F1A-3B6C-4D76-9B6B-7D71E9A4B101}.Release|x64.ActiveCfg = Release|Any CPU
		{D5212F1A-3B6C-4D76-9B6B-7D71E9A4B101}.Release|x64.Build.0 = Release|Any CPU
		{D5212F1A-3B6C-4D76-9B6B-7D71E9A4B101}.Release|x86.ActiveCfg = Release|Any CPU
		{D5212F1A-3B6C-4D76-9B6B-7D71E9A4B101}.Release|x86.Build.0 = Release|Any CPU
		{B11F12C9-25D7-4DDA-8B63-53E1F53B1002}.Debug|Any CPU.ActiveCfg = Debug|Any CPU
		{B11F12C9-25D7-4DDA-8B63-53E1F53B1002}.Debug|Any CPU.Build.0 = Debug|Any CPU
		{B11F12C9-25D7-4DDA-8B63-53E1F53B1002}.Debug|x64.ActiveCfg = Debug|Any CPU
		{B11F12C9-25D7-4DDA-8B63-53E1F53B1002}.Debug|x64.Build.0 = Debug|Any CPU
		{B11F12C9-25D7-4DDA-8B63-53E1F53B1002}.Debug|x86.ActiveCfg = Debug|Any CPU
		{B11F12C9-25D7-4DDA-8B63-53E1F53B1002}.Debug|x86.Build.0 = Debug|Any CPU
		{B11F12C9-25D7-4DDA-8B63-53E1F53B1002}.Release|Any CPU.ActiveCfg = Release|Any CPU
		{B11F12C9-25D7-4DDA-8B63-53E1F53B1002}.Release|Any CPU.Build.0 = Release|Any CPU
		{B11F12C9-25D7-4DDA-8B63-53E1F53B1002}.Release|x64.ActiveCfg = Release|Any CPU
		{B11F12C9-25D7-4DDA-8B63-53E1F53B1002}.Release|x64.Build.0 = Release|Any CPU
		{B11F12C9-25D7-4DDA-8B63-53E1F53B1002}.Release|x86.ActiveCfg = Release|Any CPU
		{B11F12C9-25D7-4DDA-8B63-53E1F53B1002}.Release|x86.Build.0 = Release|Any CPU
		{CC2A2ACF-01CF-4131-BA07-99FBA7346B2A}.Debug|Any CPU.ActiveCfg = Debug|Any CPU
		{CC2A2ACF-01CF-4131-BA07-99FBA7346B2A}.Debug|Any CPU.Build.0 = Debug|Any CPU
		{CC2A2ACF-01CF-4131-BA07-99FBA7346B2A}.Debug|x64.ActiveCfg = Debug|Any CPU
		{CC2A2ACF-01CF-4131-BA07-99FBA7346B2A}.Debug|x64.Build.0 = Debug|Any CPU
		{CC2A2ACF-01CF-4131-BA07-99FBA7346B2A}.Debug|x86.ActiveCfg = Debug|Any CPU
		{CC2A2ACF-01CF-4131-BA07-99FBA7346B2A}.Debug|x86.Build.0 = Debug|Any CPU
		{CC2A2ACF-01CF-4131-BA07-99FBA7346B2A}.Release|Any CPU.ActiveCfg = Release|Any CPU
		{CC2A2ACF-01CF-4131-BA07-99FBA7346B2A}.Release|Any CPU.Build.0 = Release|Any CPU
		{CC2A2ACF-01CF-4131-BA07-99FBA7346B2A}.Release|x64.ActiveCfg = Release|Any CPU
		{CC2A2ACF-01CF-4131-BA07-99FBA7346B2A}.Release|x64.Build.0 = Release|Any CPU
		{CC2A2ACF-01CF-4131-BA07-99FBA7346B2A}.Release|x86.ActiveCfg = Release|Any CPU
		{CC2A2ACF-01CF-4131-BA07-99FBA7346B2A}.Release|x86.Build.0 = Release|Any CPU
		{BA50ED25-6711-4057-B4D7-C1BD3E00CD15}.Debug|Any CPU.ActiveCfg = Debug|Any CPU
		{BA50ED25-6711-4057-B4D7-C1BD3E00CD15}.Debug|Any CPU.Build.0 = Debug|Any CPU
		{BA50ED25-6711-4057-B4D7-C1BD3E00CD15}.Debug|x64.ActiveCfg = Debug|Any CPU
		{BA50ED25-6711-4057-B4D7-C1BD3E00CD15}.Debug|x64.Build.0 = Debug|Any CPU
		{BA50ED25-6711-4057-B4D7-C1BD3E00CD15}.Debug|x86.ActiveCfg = Debug|Any CPU
		{BA50ED25-6711-4057-B4D7-C1BD3E00CD15}.Debug|x86.Build.0 = Debug|Any CPU
		{BA50ED25-6711-4057-B4D7-C1BD3E00CD15}.Release|Any CPU.ActiveCfg = Release|Any CPU
		{BA50ED25-6711-4057-B4D7-C1BD3E00CD15}.Release|Any CPU.Build.0 = Release|Any CPU
		{BA50ED25-6711-4057-B4D7-C1BD3E00CD15}.Release|x64.ActiveCfg = Release|Any CPU
		{BA50ED25-6711-4057-B4D7-C1BD3E00CD15}.Release|x64.Build.0 = Release|Any CPU
		{BA50ED25-6711-4057-B4D7-C1BD3E00CD15}.Release|x86.ActiveCfg = Release|Any CPU
		{BA50ED25-6711-4057-B4D7-C1BD3E00CD15}.Release|x86.Build.0 = Release|Any CPU
		{C2F998F3-0577-41E6-9D93-41FD31A4826A}.Debug|Any CPU.ActiveCfg = Debug|Any CPU
		{C2F998F3-0577-41E6-9D93-41FD31A4826A}.Debug|Any CPU.Build.0 = Debug|Any CPU
		{C2F998F3-0577-41E6-9D93-41FD31A4826A}.Debug|x64.ActiveCfg = Debug|Any CPU
		{C2F998F3-0577-41E6-9D93-41FD31A4826A}.Debug|x64.Build.0 = Debug|Any CPU
		{C2F998F3-0577-41E6-9D93-41FD31A4826A}.Debug|x86.ActiveCfg = Debug|Any CPU
		{C2F998F3-0577-41E6-9D93-41FD31A4826A}.Debug|x86.Build.0 = Debug|Any CPU
		{C2F998F3-0577-41E6-9D93-41FD31A4826A}.Release|Any CPU.ActiveCfg = Release|Any CPU
		{C2F998F3-0577-41E6-9D93-41FD31A4826A}.Release|Any CPU.Build.0 = Release|Any CPU
		{C2F998F3-0577-41E6-9D93-41FD31A4826A}.Release|x64.ActiveCfg = Release|Any CPU
		{C2F998F3-0577-41E6-9D93-41FD31A4826A}.Release|x64.Build.0 = Release|Any CPU
		{C2F998F3-0577-41E6-9D93-41FD31A4826A}.Release|x86.ActiveCfg = Release|Any CPU
		{C2F998F3-0577-41E6-9D93-41FD31A4826A}.Release|x86.Build.0 = Release|Any CPU
		{DD4C5D37-AC3E-413B-AA17-4A697348E5A1}.Debug|Any CPU.ActiveCfg = Debug|Any CPU
		{DD4C5D37-AC3E-413B-AA17-4A697348E5A1}.Debug|Any CPU.Build.0 = Debug|Any CPU
		{DD4C5D37-AC3E-413B-AA17-4A697348E5A1}.Debug|x64.ActiveCfg = Debug|Any CPU
		{DD4C5D37-AC3E-413B-AA17-4A697348E5A1}.Debug|x64.Build.0 = Debug|Any CPU
		{DD4C5D37-AC3E-413B-AA17-4A697348E5A1}.Debug|x86.ActiveCfg = Debug|Any CPU
		{DD4C5D37-AC3E-413B-AA17-4A697348E5A1}.Debug|x86.Build.0 = Debug|Any CPU
		{DD4C5D37-AC3E-413B-AA17-4A697348E5A1}.Release|Any CPU.ActiveCfg = Release|Any CPU
		{DD4C5D37-AC3E-413B-AA17-4A697348E5A1}.Release|Any CPU.Build.0 = Release|Any CPU
		{DD4C5D37-AC3E-413B-AA17-4A697348E5A1}.Release|x64.ActiveCfg = Release|Any CPU
		{DD4C5D37-AC3E-413B-AA17-4A697348E5A1}.Release|x64.Build.0 = Release|Any CPU
		{DD4C5D37-AC3E-413B-AA17-4A697348E5A1}.Release|x86.ActiveCfg = Release|Any CPU
		{DD4C5D37-AC3E-413B-AA17-4A697348E5A1}.Release|x86.Build.0 = Release|Any CPU
		{167620F3-A2ED-4A0A-9ACE-36D4FB822BA5}.Debug|Any CPU.ActiveCfg = Debug|Any CPU
		{167620F3-A2ED-4A0A-9ACE-36D4FB822BA5}.Debug|Any CPU.Build.0 = Debug|Any CPU
		{167620F3-A2ED-4A0A-9ACE-36D4FB822BA5}.Debug|x64.ActiveCfg = Debug|Any CPU
		{167620F3-A2ED-4A0A-9ACE-36D4FB822BA5}.Debug|x64.Build.0 = Debug|Any CPU
		{167620F3-A2ED-4A0A-9ACE-36D4FB822BA5}.Debug|x86.ActiveCfg = Debug|Any CPU
		{167620F3-A2ED-4A0A-9ACE-36D4FB822BA5}.Debug|x86.Build.0 = Debug|Any CPU
		{167620F3-A2ED-4A0A-9ACE-36D4FB822BA5}.Release|Any CPU.ActiveCfg = Release|Any CPU
		{167620F3-A2ED-4A0A-9ACE-36D4FB822BA5}.Release|Any CPU.Build.0 = Release|Any CPU
		{167620F3-A2ED-4A0A-9ACE-36D4FB822BA5}.Release|x64.ActiveCfg = Release|Any CPU
		{167620F3-A2ED-4A0A-9ACE-36D4FB822BA5}.Release|x64.Build.0 = Release|Any CPU
		{167620F3-A2ED-4A0A-9ACE-36D4FB822BA5}.Release|x86.ActiveCfg = Release|Any CPU
		{167620F3-A2ED-4A0A-9ACE-36D4FB822BA5}.Release|x86.Build.0 = Release|Any CPU
		{7FDF5BED-2E20-41A2-8E65-347E86606689}.Debug|Any CPU.ActiveCfg = Debug|Any CPU
		{7FDF5BED-2E20-41A2-8E65-347E86606689}.Debug|Any CPU.Build.0 = Debug|Any CPU
		{7FDF5BED-2E20-41A2-8E65-347E86606689}.Debug|x64.ActiveCfg = Debug|Any CPU
		{7FDF5BED-2E20-41A2-8E65-347E86606689}.Debug|x64.Build.0 = Debug|Any CPU
		{7FDF5BED-2E20-41A2-8E65-347E86606689}.Debug|x86.ActiveCfg = Debug|Any CPU
		{7FDF5BED-2E20-41A2-8E65-347E86606689}.Debug|x86.Build.0 = Debug|Any CPU
		{7FDF5BED-2E20-41A2-8E65-347E86606689}.Release|Any CPU.ActiveCfg = Release|Any CPU
		{7FDF5BED-2E20-41A2-8E65-347E86606689}.Release|Any CPU.Build.0 = Release|Any CPU
		{7FDF5BED-2E20-41A2-8E65-347E86606689}.Release|x64.ActiveCfg = Release|Any CPU
		{7FDF5BED-2E20-41A2-8E65-347E86606689}.Release|x64.Build.0 = Release|Any CPU
		{7FDF5BED-2E20-41A2-8E65-347E86606689}.Release|x86.ActiveCfg = Release|Any CPU
		{7FDF5BED-2E20-41A2-8E65-347E86606689}.Release|x86.Build.0 = Release|Any CPU
		{741DD81D-3A18-4635-827C-B4181AB9D141}.Debug|Any CPU.ActiveCfg = Debug|Any CPU
		{741DD81D-3A18-4635-827C-B4181AB9D141}.Debug|Any CPU.Build.0 = Debug|Any CPU
		{741DD81D-3A18-4635-827C-B4181AB9D141}.Debug|x64.ActiveCfg = Debug|Any CPU
		{741DD81D-3A18-4635-827C-B4181AB9D141}.Debug|x64.Build.0 = Debug|Any CPU
		{741DD81D-3A18-4635-827C-B4181AB9D141}.Debug|x86.ActiveCfg = Debug|Any CPU
		{741DD81D-3A18-4635-827C-B4181AB9D141}.Debug|x86.Build.0 = Debug|Any CPU
		{741DD81D-3A18-4635-827C-B4181AB9D141}.Release|Any CPU.ActiveCfg = Release|Any CPU
		{741DD81D-3A18-4635-827C-B4181AB9D141}.Release|Any CPU.Build.0 = Release|Any CPU
		{741DD81D-3A18-4635-827C-B4181AB9D141}.Release|x64.ActiveCfg = Release|Any CPU
		{741DD81D-3A18-4635-827C-B4181AB9D141}.Release|x64.Build.0 = Release|Any CPU
		{741DD81D-3A18-4635-827C-B4181AB9D141}.Release|x86.ActiveCfg = Release|Any CPU
		{741DD81D-3A18-4635-827C-B4181AB9D141}.Release|x86.Build.0 = Release|Any CPU
		{0257F9DE-500E-4B0B-858F-D182B59D5178}.Debug|Any CPU.ActiveCfg = Debug|Any CPU
		{0257F9DE-500E-4B0B-858F-D182B59D5178}.Debug|Any CPU.Build.0 = Debug|Any CPU
		{0257F9DE-500E-4B0B-858F-D182B59D5178}.Debug|x64.ActiveCfg = Debug|Any CPU
		{0257F9DE-500E-4B0B-858F-D182B59D5178}.Debug|x64.Build.0 = Debug|Any CPU
		{0257F9DE-500E-4B0B-858F-D182B59D5178}.Debug|x86.ActiveCfg = Debug|Any CPU
		{0257F9DE-500E-4B0B-858F-D182B59D5178}.Debug|x86.Build.0 = Debug|Any CPU
		{0257F9DE-500E-4B0B-858F-D182B59D5178}.Release|Any CPU.ActiveCfg = Release|Any CPU
		{0257F9DE-500E-4B0B-858F-D182B59D5178}.Release|Any CPU.Build.0 = Release|Any CPU
		{0257F9DE-500E-4B0B-858F-D182B59D5178}.Release|x64.ActiveCfg = Release|Any CPU
		{0257F9DE-500E-4B0B-858F-D182B59D5178}.Release|x64.Build.0 = Release|Any CPU
		{0257F9DE-500E-4B0B-858F-D182B59D5178}.Release|x86.ActiveCfg = Release|Any CPU
		{0257F9DE-500E-4B0B-858F-D182B59D5178}.Release|x86.Build.0 = Release|Any CPU
		{01EBF76C-7C19-4CAE-9D01-4B668B81CAFB}.Debug|Any CPU.ActiveCfg = Debug|Any CPU
		{01EBF76C-7C19-4CAE-9D01-4B668B81CAFB}.Debug|Any CPU.Build.0 = Debug|Any CPU
		{01EBF76C-7C19-4CAE-9D01-4B668B81CAFB}.Debug|x64.ActiveCfg = Debug|Any CPU
		{01EBF76C-7C19-4CAE-9D01-4B668B81CAFB}.Debug|x64.Build.0 = Debug|Any CPU
		{01EBF76C-7C19-4CAE-9D01-4B668B81CAFB}.Debug|x86.ActiveCfg = Debug|Any CPU
		{01EBF76C-7C19-4CAE-9D01-4B668B81CAFB}.Debug|x86.Build.0 = Debug|Any CPU
		{01EBF76C-7C19-4CAE-9D01-4B668B81CAFB}.Release|Any CPU.ActiveCfg = Release|Any CPU
		{01EBF76C-7C19-4CAE-9D01-4B668B81CAFB}.Release|Any CPU.Build.0 = Release|Any CPU
		{01EBF76C-7C19-4CAE-9D01-4B668B81CAFB}.Release|x64.ActiveCfg = Release|Any CPU
		{01EBF76C-7C19-4CAE-9D01-4B668B81CAFB}.Release|x64.Build.0 = Release|Any CPU
		{01EBF76C-7C19-4CAE-9D01-4B668B81CAFB}.Release|x86.ActiveCfg = Release|Any CPU
		{01EBF76C-7C19-4CAE-9D01-4B668B81CAFB}.Release|x86.Build.0 = Release|Any CPU
		{3214D444-9039-4652-8833-4EF509A4BC2E}.Debug|Any CPU.ActiveCfg = Debug|Any CPU
		{3214D444-9039-4652-8833-4EF509A4BC2E}.Debug|Any CPU.Build.0 = Debug|Any CPU
		{3214D444-9039-4652-8833-4EF509A4BC2E}.Debug|x64.ActiveCfg = Debug|Any CPU
		{3214D444-9039-4652-8833-4EF509A4BC2E}.Debug|x64.Build.0 = Debug|Any CPU
		{3214D444-9039-4652-8833-4EF509A4BC2E}.Debug|x86.ActiveCfg = Debug|Any CPU
		{3214D444-9039-4652-8833-4EF509A4BC2E}.Debug|x86.Build.0 = Debug|Any CPU
		{3214D444-9039-4652-8833-4EF509A4BC2E}.Release|Any CPU.ActiveCfg = Release|Any CPU
		{3214D444-9039-4652-8833-4EF509A4BC2E}.Release|Any CPU.Build.0 = Release|Any CPU
		{3214D444-9039-4652-8833-4EF509A4BC2E}.Release|x64.ActiveCfg = Release|Any CPU
		{3214D444-9039-4652-8833-4EF509A4BC2E}.Release|x64.Build.0 = Release|Any CPU
		{3214D444-9039-4652-8833-4EF509A4BC2E}.Release|x86.ActiveCfg = Release|Any CPU
		{3214D444-9039-4652-8833-4EF509A4BC2E}.Release|x86.Build.0 = Release|Any CPU
		{7E2E419D-1318-4815-A775-165DF40F29FD}.Debug|Any CPU.ActiveCfg = Debug|Any CPU
		{7E2E419D-1318-4815-A775-165DF40F29FD}.Debug|Any CPU.Build.0 = Debug|Any CPU
		{7E2E419D-1318-4815-A775-165DF40F29FD}.Debug|x64.ActiveCfg = Debug|Any CPU
		{7E2E419D-1318-4815-A775-165DF40F29FD}.Debug|x64.Build.0 = Debug|Any CPU
		{7E2E419D-1318-4815-A775-165DF40F29FD}.Debug|x86.ActiveCfg = Debug|Any CPU
		{7E2E419D-1318-4815-A775-165DF40F29FD}.Debug|x86.Build.0 = Debug|Any CPU
		{7E2E419D-1318-4815-A775-165DF40F29FD}.Release|Any CPU.ActiveCfg = Release|Any CPU
		{7E2E419D-1318-4815-A775-165DF40F29FD}.Release|Any CPU.Build.0 = Release|Any CPU
		{7E2E419D-1318-4815-A775-165DF40F29FD}.Release|x64.ActiveCfg = Release|Any CPU
		{7E2E419D-1318-4815-A775-165DF40F29FD}.Release|x64.Build.0 = Release|Any CPU
		{7E2E419D-1318-4815-A775-165DF40F29FD}.Release|x86.ActiveCfg = Release|Any CPU
		{7E2E419D-1318-4815-A775-165DF40F29FD}.Release|x86.Build.0 = Release|Any CPU
	EndGlobalSection
	GlobalSection(SolutionProperties) = preSolution
		HideSolutionNode = FALSE
	EndGlobalSection
	GlobalSection(NestedProjects) = preSolution
		{EBFA8512-1EA5-4D8C-B4AC-AB5B48A6D568} = {5DC288B9-64DA-44D7-B076-2695B4C19D13}
		{ABC31E74-02FF-46EB-B3B2-4E6AE43B456C} = {5DC288B9-64DA-44D7-B076-2695B4C19D13}
		{1C1A049E-235C-4CD0-B6FA-D53AC418F4DA} = {5DC288B9-64DA-44D7-B076-2695B4C19D13}
		{EBD9022F-BC83-4846-9A11-6F7F3772DC64} = {5DC288B9-64DA-44D7-B076-2695B4C19D13}
		{7AD1DAC8-7FBE-49D5-8614-7321233DB82E} = {5DC288B9-64DA-44D7-B076-2695B4C19D13}
		{0BD61AD0-ADF2-4CB7-B8C8-05C805CED6C0} = {0B0188C9-57AB-47CA-818B-ACFCA79A44F5}
		{DF08A1E1-3F05-4F30-A430-329FBE385968} = {0B0188C9-57AB-47CA-818B-ACFCA79A44F5}
		{C91F6F03-A613-C839-7A02-FE7D7ED1DAD6} = {A31E52AC-B0FF-4D5D-9356-B386062F090E}
		{0420008A-A97B-49E6-A2E7-BB8D888F3457} = {3EC1BACD-4312-47C6-BE0B-A09057273256}
		{F029F93C-6B06-4105-90E7-A520D5815834} = {A31E52AC-B0FF-4D5D-9356-B386062F090E}
		{3C74754D-F82C-4A00-D665-AF82B29B7064} = {0B0188C9-57AB-47CA-818B-ACFCA79A44F5}
		{4B4C57C7-85D6-416B-A136-9338424700F2} = {0B0188C9-57AB-47CA-818B-ACFCA79A44F5}
		{1D6F2232-B79B-4A1D-9402-896012D09A7F} = {5DC288B9-64DA-44D7-B076-2695B4C19D13}
		{85DE1646-117B-4A4F-9C09-B1020365E692} = {0B0188C9-57AB-47CA-818B-ACFCA79A44F5}
		{52BCA084-F145-4AE7-BE12-0E266FE05A82} = {0B0188C9-57AB-47CA-818B-ACFCA79A44F5}
		{E0C7A132-5237-4A49-BAB3-DEBB53A960CB} = {0B0188C9-57AB-47CA-818B-ACFCA79A44F5}
		{42E83F47-F348-30A6-1C99-EFABF83FE802} = {742CE7AA-AD16-402E-9E4E-D786B6889BFE}
		{CC2A2ACF-01CF-4131-BA07-99FBA7346B2A} = {858684C1-DEBC-4A0A-8B13-E38B2A4E1FA3}
		{BA50ED25-6711-4057-B4D7-C1BD3E00CD15} = {858684C1-DEBC-4A0A-8B13-E38B2A4E1FA3}
		{C2F998F3-0577-41E6-9D93-41FD31A4826A} = {858684C1-DEBC-4A0A-8B13-E38B2A4E1FA3}
		{DD4C5D37-AC3E-413B-AA17-4A697348E5A1} = {858684C1-DEBC-4A0A-8B13-E38B2A4E1FA3}
		{167620F3-A2ED-4A0A-9ACE-36D4FB822BA5} = {858684C1-DEBC-4A0A-8B13-E38B2A4E1FA3}
		{7FDF5BED-2E20-41A2-8E65-347E86606689} = {858684C1-DEBC-4A0A-8B13-E38B2A4E1FA3}
		{741DD81D-3A18-4635-827C-B4181AB9D141} = {858684C1-DEBC-4A0A-8B13-E38B2A4E1FA3}
		{858684C1-DEBC-4A0A-8B13-E38B2A4E1FA3} = {0B0188C9-57AB-47CA-818B-ACFCA79A44F5}
		{742CE7AA-AD16-402E-9E4E-D786B6889BFE} = {0B0188C9-57AB-47CA-818B-ACFCA79A44F5}
	EndGlobalSection
	GlobalSection(ExtensibilityGlobals) = postSolution
		SolutionGuid = {83CB65B8-011F-4ED7-BCD3-A6CFA935EF7E}
	EndGlobalSection
EndGlobal
