
Microsoft Visual Studio Solution File, Format Version 12.00
# Visual Studio Version 17
VisualStudioVersion = 17.3.32811.315
MinimumVisualStudioVersion = 10.0.40219.1
Project("{9A19103F-16F7-4668-BE54-9A1E7A4F7556}") = "helengine.ui", "helengine.ui\helengine.ui.csproj", "{EBFA8512-1EA5-4D8C-B4AC-AB5B48A6D568}"
EndProject
Project("{9A19103F-16F7-4668-BE54-9A1E7A4F7556}") = "helengine.ui.Desktop", "helengine.ui.Desktop\helengine.ui.Desktop.csproj", "{ABC31E74-02FF-46EB-B3B2-4E6AE43B456C}"
EndProject
Project("{9A19103F-16F7-4668-BE54-9A1E7A4F7556}") = "helengine.ui.Browser", "helengine.ui.Browser\helengine.ui.Browser.csproj", "{1C1A049E-235C-4CD0-B6FA-D53AC418F4DA}"
EndProject
Project("{9A19103F-16F7-4668-BE54-9A1E7A4F7556}") = "helengine.ui.iOS", "helengine.ui.iOS\helengine.ui.iOS.csproj", "{EBD9022F-BC83-4846-9A11-6F7F3772DC64}"
EndProject
Project("{9A19103F-16F7-4668-BE54-9A1E7A4F7556}") = "helengine.ui.Android", "helengine.ui.Android\helengine.ui.Android.csproj", "{7AD1DAC8-7FBE-49D5-8614-7321233DB82E}"
EndProject
Project("{2150E333-8FDC-42A3-9474-1A3956D46DE8}") = "Solution Items", "Solution Items", "{3DA99C4E-89E3-4049-9C22-0A7EC60D83D8}"
	ProjectSection(SolutionItems) = preProject
		Directory.Packages.props = Directory.Packages.props
	EndProjectSection
EndProject
Project("{2150E333-8FDC-42A3-9474-1A3956D46DE8}") = "ui", "ui", "{5DC288B9-64DA-44D7-B076-2695B4C19D13}"
EndProject
Project("{FAE04EC0-301F-11D3-BF4B-00C04F79EFBC}") = "helengine.core", "..\engine\helengine.core\helengine.core.csproj", "{2942A635-6301-4720-BAC7-2DB4E6B92247}"
EndProject
Project("{FAE04EC0-301F-11D3-BF4B-00C04F79EFBC}") = "helengine.editor.assimp", "..\engine\helengine.editor.fbximporter\helengine.editor.assimp.csproj", "{0BD61AD0-ADF2-4CB7-B8C8-05C805CED6C0}"
EndProject
Project("{2150E333-8FDC-42A3-9474-1A3956D46DE8}") = "editor", "editor", "{0B0188C9-57AB-47CA-818B-ACFCA79A44F5}"
EndProject
Project("{FAE04EC0-301F-11D3-BF4B-00C04F79EFBC}") = "helengine.editor", "..\engine\helengine.editor\helengine.editor.csproj", "{DF08A1E1-3F05-4F30-A430-329FBE385968}"
EndProject
Project("{FAE04EC0-301F-11D3-BF4B-00C04F79EFBC}") = "helengine.sharpdx", "..\engine\helengine.sharpdx\helengine.sharpdx.csproj", "{60489E56-504F-4B23-A2FF-E6533D0B18F4}"
EndProject
Project("{FAE04EC0-301F-11D3-BF4B-00C04F79EFBC}") = "helengine.editor.app", "helengine.editor.app\helengine.editor.app.csproj", "{E89B3877-BF9A-43A9-94D5-11F5468A1467}"
EndProject
Project("{FAE04EC0-301F-11D3-BF4B-00C04F79EFBC}") = "helengine.core.windows", "..\engine\helengine.core.windows\helengine.core.windows.csproj", "{2866E47B-6C06-4368-9A00-BDF819442D2F}"
EndProject
Global
	GlobalSection(SolutionConfigurationPlatforms) = preSolution
		Debug|Any CPU = Debug|Any CPU
		Release|Any CPU = Release|Any CPU
	EndGlobalSection
	GlobalSection(ProjectConfigurationPlatforms) = postSolution
		{EBFA8512-1EA5-4D8C-B4AC-AB5B48A6D568}.Debug|Any CPU.ActiveCfg = Debug|Any CPU
		{EBFA8512-1EA5-4D8C-B4AC-AB5B48A6D568}.Debug|Any CPU.Build.0 = Debug|Any CPU
		{EBFA8512-1EA5-4D8C-B4AC-AB5B48A6D568}.Release|Any CPU.ActiveCfg = Release|Any CPU
		{EBFA8512-1EA5-4D8C-B4AC-AB5B48A6D568}.Release|Any CPU.Build.0 = Release|Any CPU
		{ABC31E74-02FF-46EB-B3B2-4E6AE43B456C}.Debug|Any CPU.ActiveCfg = Debug|Any CPU
		{ABC31E74-02FF-46EB-B3B2-4E6AE43B456C}.Debug|Any CPU.Build.0 = Debug|Any CPU
		{ABC31E74-02FF-46EB-B3B2-4E6AE43B456C}.Release|Any CPU.ActiveCfg = Release|Any CPU
		{ABC31E74-02FF-46EB-B3B2-4E6AE43B456C}.Release|Any CPU.Build.0 = Release|Any CPU
		{1C1A049E-235C-4CD0-B6FA-D53AC418F4DA}.Debug|Any CPU.ActiveCfg = Debug|Any CPU
		{1C1A049E-235C-4CD0-B6FA-D53AC418F4DA}.Debug|Any CPU.Build.0 = Debug|Any CPU
		{1C1A049E-235C-4CD0-B6FA-D53AC418F4DA}.Release|Any CPU.ActiveCfg = Release|Any CPU
		{1C1A049E-235C-4CD0-B6FA-D53AC418F4DA}.Release|Any CPU.Build.0 = Release|Any CPU
		{EBD9022F-BC83-4846-9A11-6F7F3772DC64}.Debug|Any CPU.ActiveCfg = Debug|Any CPU
		{EBD9022F-BC83-4846-9A11-6F7F3772DC64}.Debug|Any CPU.Build.0 = Debug|Any CPU
		{EBD9022F-BC83-4846-9A11-6F7F3772DC64}.Release|Any CPU.ActiveCfg = Release|Any CPU
		{EBD9022F-BC83-4846-9A11-6F7F3772DC64}.Release|Any CPU.Build.0 = Release|Any CPU
		{7AD1DAC8-7FBE-49D5-8614-7321233DB82E}.Debug|Any CPU.ActiveCfg = Debug|Any CPU
		{7AD1DAC8-7FBE-49D5-8614-7321233DB82E}.Debug|Any CPU.Build.0 = Debug|Any CPU
		{7AD1DAC8-7FBE-49D5-8614-7321233DB82E}.Release|Any CPU.ActiveCfg = Release|Any CPU
		{7AD1DAC8-7FBE-49D5-8614-7321233DB82E}.Release|Any CPU.Build.0 = Release|Any CPU
		{2942A635-6301-4720-BAC7-2DB4E6B92247}.Debug|Any CPU.ActiveCfg = Debug|Any CPU
		{2942A635-6301-4720-BAC7-2DB4E6B92247}.Debug|Any CPU.Build.0 = Debug|Any CPU
		{2942A635-6301-4720-BAC7-2DB4E6B92247}.Release|Any CPU.ActiveCfg = Release|Any CPU
		{2942A635-6301-4720-BAC7-2DB4E6B92247}.Release|Any CPU.Build.0 = Release|Any CPU
		{0BD61AD0-ADF2-4CB7-B8C8-05C805CED6C0}.Debug|Any CPU.ActiveCfg = Debug|Any CPU
		{0BD61AD0-ADF2-4CB7-B8C8-05C805CED6C0}.Debug|Any CPU.Build.0 = Debug|Any CPU
		{0BD61AD0-ADF2-4CB7-B8C8-05C805CED6C0}.Release|Any CPU.ActiveCfg = Release|Any CPU
		{0BD61AD0-ADF2-4CB7-B8C8-05C805CED6C0}.Release|Any CPU.Build.0 = Release|Any CPU
		{DF08A1E1-3F05-4F30-A430-329FBE385968}.Debug|Any CPU.ActiveCfg = Debug|Any CPU
		{DF08A1E1-3F05-4F30-A430-329FBE385968}.Debug|Any CPU.Build.0 = Debug|Any CPU
		{DF08A1E1-3F05-4F30-A430-329FBE385968}.Release|Any CPU.ActiveCfg = Release|Any CPU
		{DF08A1E1-3F05-4F30-A430-329FBE385968}.Release|Any CPU.Build.0 = Release|Any CPU
		{60489E56-504F-4B23-A2FF-E6533D0B18F4}.Debug|Any CPU.ActiveCfg = Debug|Any CPU
		{60489E56-504F-4B23-A2FF-E6533D0B18F4}.Debug|Any CPU.Build.0 = Debug|Any CPU
		{60489E56-504F-4B23-A2FF-E6533D0B18F4}.Release|Any CPU.ActiveCfg = Release|Any CPU
		{60489E56-504F-4B23-A2FF-E6533D0B18F4}.Release|Any CPU.Build.0 = Release|Any CPU
		{E89B3877-BF9A-43A9-94D5-11F5468A1467}.Debug|Any CPU.ActiveCfg = Debug|Any CPU
		{E89B3877-BF9A-43A9-94D5-11F5468A1467}.Debug|Any CPU.Build.0 = Debug|Any CPU
		{E89B3877-BF9A-43A9-94D5-11F5468A1467}.Release|Any CPU.ActiveCfg = Release|Any CPU
		{E89B3877-BF9A-43A9-94D5-11F5468A1467}.Release|Any CPU.Build.0 = Release|Any CPU
		{2866E47B-6C06-4368-9A00-BDF819442D2F}.Debug|Any CPU.ActiveCfg = Debug|Any CPU
		{2866E47B-6C06-4368-9A00-BDF819442D2F}.Debug|Any CPU.Build.0 = Debug|Any CPU
		{2866E47B-6C06-4368-9A00-BDF819442D2F}.Release|Any CPU.ActiveCfg = Release|Any CPU
		{2866E47B-6C06-4368-9A00-BDF819442D2F}.Release|Any CPU.Build.0 = Release|Any CPU
	EndGlobalSection
	GlobalSection(SolutionProperties) = preSolution
		HideSolutionNode = FALSE
	EndGlobalSection
	GlobalSection(NestedProjects) = preSolution
		{EBFA8512-1EA5-4D8C-B4AC-AB5B48A6D568} = {5DC288B9-64DA-44D7-B076-2695B4C19D13}
		{ABC31E74-02FF-46EB-B3B2-4E6AE43B456C} = {5DC288B9-64DA-44D7-B076-2695B4C19D13}
		{1C1A049E-235C-4CD0-B6FA-D53AC418F4DA} = {5DC288B9-64DA-44D7-B076-2695B4C19D13}
		{EBD9022F-BC83-4846-9A11-6F7F3772DC64} = {5DC288B9-64DA-44D7-B076-2695B4C19D13}
		{7AD1DAC8-7FBE-49D5-8614-7321233DB82E} = {5DC288B9-64DA-44D7-B076-2695B4C19D13}
		{0BD61AD0-ADF2-4CB7-B8C8-05C805CED6C0} = {0B0188C9-57AB-47CA-818B-ACFCA79A44F5}
		{DF08A1E1-3F05-4F30-A430-329FBE385968} = {0B0188C9-57AB-47CA-818B-ACFCA79A44F5}
	EndGlobalSection
	GlobalSection(ExtensibilityGlobals) = postSolution
		SolutionGuid = {83CB65B8-011F-4ED7-BCD3-A6CFA935EF7E}
	EndGlobalSection
EndGlobal
